
Microsoft Visual Studio Solution File, Format Version 12.00
# Visual Studio Version 17
VisualStudioVersion = 17.10.34916.146
MinimumVisualStudioVersion = 10.0.40219.1
Project("{FAE04EC0-301F-11D3-BF4B-00C04F79EFBC}") = "Stay_Healthy", "Stay_Healthy\Stay_Healthy.csproj", "{890A4602-0BD7-4464-8E34-107E28979B88}"
EndProject
Global
	GlobalSection(SolutionConfigurationPlatforms) = preSolution
		Debug|Any CPU = Debug|Any CPU
		Release|Any CPU = Release|Any CPU
	EndGlobalSection
	GlobalSection(ProjectConfigurationPlatforms) = postSolution
		{890A4602-0BD7-4464-8E34-107E28979B88}.Debug|Any CPU.ActiveCfg = Debug|Any CPU
		{890A4602-0BD7-4464-8E34-107E28979B88}.Debug|Any CPU.Build.0 = Debug|Any CPU
		{890A4602-0BD7-4464-8E34-107E28979B88}.Release|Any CPU.ActiveCfg = Release|Any CPU
		{890A4602-0BD7-4464-8E34-107E28979B88}.Release|Any CPU.Build.0 = Release|Any CPU
	EndGlobalSection
	GlobalSection(SolutionProperties) = preSolution
		HideSolutionNode = FALSE
	EndGlobalSection
	GlobalSection(ExtensibilityGlobals) = postSolution
		SolutionGuid = {E8FFBACE-7390-4862-AE77-63BE29894163}
	EndGlobalSection
EndGlobal
